
Microsoft Visual Studio Solution File, Format Version 12.00
# Visual Studio Version 17
VisualStudioVersion = 17.10.35013.160
MinimumVisualStudioVersion = 10.0.40219.1
Project("{9A19103F-16F7-4668-BE54-9A1E7A4F7556}") = "ConsoleApp", "HumanReadableId.ConsoleApp\ConsoleApp.csproj", "{BD20D877-2D57-4BE9-981C-C507705568B2}"
EndProject
Project("{9A19103F-16F7-4668-BE54-9A1E7A4F7556}") = "HumanReadableId", "HumanReadableId.Core\HumanReadableId.csproj", "{681B4C32-FAE2-491E-B54C-2E370582892D}"
EndProject
Project("{9A19103F-16F7-4668-BE54-9A1E7A4F7556}") = "UnitTests", "HumanReadableId.UnitTests\UnitTests.csproj", "{975886A1-E641-47BA-A918-C0217DDA40A3}"
EndProject
Global
	GlobalSection(SolutionConfigurationPlatforms) = preSolution
		Debug|Any CPU = Debug|Any CPU
		Release|Any CPU = Release|Any CPU
	EndGlobalSection
	GlobalSection(ProjectConfigurationPlatforms) = postSolution
		{BD20D877-2D57-4BE9-981C-C507705568B2}.Debug|Any CPU.ActiveCfg = Debug|Any CPU
		{BD20D877-2D57-4BE9-981C-C507705568B2}.Debug|Any CPU.Build.0 = Debug|Any CPU
		{BD20D877-2D57-4BE9-981C-C507705568B2}.Release|Any CPU.ActiveCfg = Release|Any CPU
		{BD20D877-2D57-4BE9-981C-C507705568B2}.Release|Any CPU.Build.0 = Release|Any CPU
		{681B4C32-FAE2-491E-B54C-2E370582892D}.Debug|Any CPU.ActiveCfg = Debug|Any CPU
		{681B4C32-FAE2-491E-B54C-2E370582892D}.Debug|Any CPU.Build.0 = Debug|Any CPU
		{681B4C32-FAE2-491E-B54C-2E370582892D}.Release|Any CPU.ActiveCfg = Release|Any CPU
		{681B4C32-FAE2-491E-B54C-2E370582892D}.Release|Any CPU.Build.0 = Release|Any CPU
		{975886A1-E641-47BA-A918-C0217DDA40A3}.Debug|Any CPU.ActiveCfg = Debug|Any CPU
		{975886A1-E641-47BA-A918-C0217DDA40A3}.Debug|Any CPU.Build.0 = Debug|Any CPU
		{975886A1-E641-47BA-A918-C0217DDA40A3}.Release|Any CPU.ActiveCfg = Release|Any CPU
		{975886A1-E641-47BA-A918-C0217DDA40A3}.Release|Any CPU.Build.0 = Release|Any CPU
	EndGlobalSection
	GlobalSection(SolutionProperties) = preSolution
		HideSolutionNode = FALSE
	EndGlobalSection
	GlobalSection(ExtensibilityGlobals) = postSolution
		SolutionGuid = {C64E43A0-797C-4564-989C-81DED729861E}
	EndGlobalSection
EndGlobal
